<?xml version="1.0" encoding="utf-8"?>
<Project ToolsVersion="16.0" xmlns="http://schemas.microsoft.com/developer/msbuild/2003">
  <ItemGroup>
    <ClCompile Include="C:\Users\Andrew\source\repos\cmake-tutorial\dev\libraries\libBasic\src\basicLibPrivateFile.cpp">
      <Filter>src</Filter>
    </ClCompile>
    <ClCompile Include="C:\Users\Andrew\source\repos\cmake-tutorial\dev\libraries\libBasic\src\basicLibPublicFile.cpp">
      <Filter>src</Filter>
    </ClCompile>
  </ItemGroup>
  <ItemGroup>
    <ClInclude Include="C:\Users\Andrew\source\repos\cmake-tutorial\dev\libraries\libBasic\public\basicLibPublicFile.hpp">
      <Filter>public</Filter>
    </ClInclude>
  </ItemGroup>
  <ItemGroup>
    <CustomBuild Include="C:\Users\Andrew\source\repos\cmake-tutorial\dev\libraries\libBasic\CMakeLists.txt" />
  </ItemGroup>
  <ItemGroup>
    <Filter Include="public">
      <UniqueIdentifier>{07293486-6E3E-3740-B798-87080F393A78}</UniqueIdentifier>
    </Filter>
    <Filter Include="src">
      <UniqueIdentifier>{37C9B748-9DD9-3DF0-BDEC-C584CDEAF67F}</UniqueIdentifier>
    </Filter>
  </ItemGroup>
</Project>
